
Microsoft Visual Studio Solution File, Format Version 12.00
# Visual Studio Version 17
VisualStudioVersion = 17.8.34330.188
MinimumVisualStudioVersion = 10.0.40219.1
Project("{FAE04EC0-301F-11D3-BF4B-00C04F79EFBC}") = "primaryweapp", "primaryweapp\primaryweapp.csproj", "{212211A6-5F2E-4913-B5F5-5158E3EE92EB}"
EndProject
Global
	GlobalSection(SolutionConfigurationPlatforms) = preSolution
		Debug|Any CPU = Debug|Any CPU
		Release|Any CPU = Release|Any CPU
	EndGlobalSection
	GlobalSection(ProjectConfigurationPlatforms) = postSolution
		{212211A6-5F2E-4913-B5F5-5158E3EE92EB}.Debug|Any CPU.ActiveCfg = Debug|Any CPU
		{212211A6-5F2E-4913-B5F5-5158E3EE92EB}.Debug|Any CPU.Build.0 = Debug|Any CPU
		{212211A6-5F2E-4913-B5F5-5158E3EE92EB}.Release|Any CPU.ActiveCfg = Release|Any CPU
		{212211A6-5F2E-4913-B5F5-5158E3EE92EB}.Release|Any CPU.Build.0 = Release|Any CPU
	EndGlobalSection
	GlobalSection(SolutionProperties) = preSolution
		HideSolutionNode = FALSE
	EndGlobalSection
	GlobalSection(ExtensibilityGlobals) = postSolution
		SolutionGuid = {C495BFDE-A2EF-4BA6-9FCE-E35769FE3D1D}
	EndGlobalSection
EndGlobal
